
Microsoft Visual Studio Solution File, Format Version 12.00
# Visual Studio Version 17
VisualStudioVersion = 17.9.34728.123
MinimumVisualStudioVersion = 10.0.40219.1
Project("{9A19103F-16F7-4668-BE54-9A1E7A4F7556}") = "Battleship.Users.Avalonia", "AvalonLogin\Battleship.Users.Avalonia.csproj", "{5E72CA53-0E0C-4A99-8C3A-59E6F472F35C}"
	ProjectSection(ProjectDependencies) = postProject
		{04717E87-C595-4F05-8B00-4A1719EAB7B8} = {04717E87-C595-4F05-8B00-4A1719EAB7B8}
		{B3A96DD9-200E-40CB-A23A-702301724BE4} = {B3A96DD9-200E-40CB-A23A-702301724BE4}
		{FBA88A66-97B8-48E7-A2DA-B7B7CB186090} = {FBA88A66-97B8-48E7-A2DA-B7B7CB186090}
	EndProjectSection
EndProject
Project("{9A19103F-16F7-4668-BE54-9A1E7A4F7556}") = "AvalonLogin.Desktop", "AvalonLogin.Desktop\AvalonLogin.Desktop.csproj", "{FD5B9478-C545-4DE6-8082-6EAE353E887A}"
	ProjectSection(ProjectDependencies) = postProject
		{04717E87-C595-4F05-8B00-4A1719EAB7B8} = {04717E87-C595-4F05-8B00-4A1719EAB7B8}
		{B3A96DD9-200E-40CB-A23A-702301724BE4} = {B3A96DD9-200E-40CB-A23A-702301724BE4}
		{FBA88A66-97B8-48E7-A2DA-B7B7CB186090} = {FBA88A66-97B8-48E7-A2DA-B7B7CB186090}
	EndProjectSection
EndProject
Project("{9A19103F-16F7-4668-BE54-9A1E7A4F7556}") = "Battleship.Users.Common", "Battleship.Users.Common\Battleship.Users.Common.csproj", "{FBA88A66-97B8-48E7-A2DA-B7B7CB186090}"
EndProject
Project("{9A19103F-16F7-4668-BE54-9A1E7A4F7556}") = "Battleship.Users.Model", "Battleship.Users.Model\Battleship.Users.Model.csproj", "{B3A96DD9-200E-40CB-A23A-702301724BE4}"
EndProject
Project("{2150E333-8FDC-42A3-9474-1A3956D46DE8}") = "config", "config", "{1860EFFF-6ECC-4CC4-B22D-1432D398C7FC}"
	ProjectSection(SolutionItems) = preProject
		config.json = config.json
		packMan.jpg = packMan.jpg
	EndProjectSection
EndProject
Project("{2150E333-8FDC-42A3-9474-1A3956D46DE8}") = "Posgre", "Posgre", "{DFA0FDFB-36E7-40A1-A9E1-219BB8D81AC8}"
	ProjectSection(SolutionItems) = preProject
		TableUsers.sql = TableUsers.sql
	EndProjectSection
EndProject
Project("{FAE04EC0-301F-11D3-BF4B-00C04F79EFBC}") = "Battleship.Game.Logic", "Battleship.Game.Logic\Battleship.Game.Logic.csproj", "{04717E87-C595-4F05-8B00-4A1719EAB7B8}"
EndProject
Global
	GlobalSection(SolutionConfigurationPlatforms) = preSolution
		Debug|Any CPU = Debug|Any CPU
		Release|Any CPU = Release|Any CPU
	EndGlobalSection
	GlobalSection(ProjectConfigurationPlatforms) = postSolution
		{5E72CA53-0E0C-4A99-8C3A-59E6F472F35C}.Debug|Any CPU.ActiveCfg = Debug|Any CPU
		{5E72CA53-0E0C-4A99-8C3A-59E6F472F35C}.Debug|Any CPU.Build.0 = Debug|Any CPU
		{5E72CA53-0E0C-4A99-8C3A-59E6F472F35C}.Release|Any CPU.ActiveCfg = Release|Any CPU
		{5E72CA53-0E0C-4A99-8C3A-59E6F472F35C}.Release|Any CPU.Build.0 = Release|Any CPU
		{FD5B9478-C545-4DE6-8082-6EAE353E887A}.Debug|Any CPU.ActiveCfg = Debug|Any CPU
		{FD5B9478-C545-4DE6-8082-6EAE353E887A}.Debug|Any CPU.Build.0 = Debug|Any CPU
		{FD5B9478-C545-4DE6-8082-6EAE353E887A}.Release|Any CPU.ActiveCfg = Release|Any CPU
		{FD5B9478-C545-4DE6-8082-6EAE353E887A}.Release|Any CPU.Build.0 = Release|Any CPU
		{FBA88A66-97B8-48E7-A2DA-B7B7CB186090}.Debug|Any CPU.ActiveCfg = Debug|Any CPU
		{FBA88A66-97B8-48E7-A2DA-B7B7CB186090}.Debug|Any CPU.Build.0 = Debug|Any CPU
		{FBA88A66-97B8-48E7-A2DA-B7B7CB186090}.Release|Any CPU.ActiveCfg = Release|Any CPU
		{FBA88A66-97B8-48E7-A2DA-B7B7CB186090}.Release|Any CPU.Build.0 = Release|Any CPU
		{B3A96DD9-200E-40CB-A23A-702301724BE4}.Debug|Any CPU.ActiveCfg = Debug|Any CPU
		{B3A96DD9-200E-40CB-A23A-702301724BE4}.Debug|Any CPU.Build.0 = Debug|Any CPU
		{B3A96DD9-200E-40CB-A23A-702301724BE4}.Release|Any CPU.ActiveCfg = Release|Any CPU
		{B3A96DD9-200E-40CB-A23A-702301724BE4}.Release|Any CPU.Build.0 = Release|Any CPU
		{04717E87-C595-4F05-8B00-4A1719EAB7B8}.Debug|Any CPU.ActiveCfg = Debug|Any CPU
		{04717E87-C595-4F05-8B00-4A1719EAB7B8}.Debug|Any CPU.Build.0 = Debug|Any CPU
		{04717E87-C595-4F05-8B00-4A1719EAB7B8}.Release|Any CPU.ActiveCfg = Release|Any CPU
		{04717E87-C595-4F05-8B00-4A1719EAB7B8}.Release|Any CPU.Build.0 = Release|Any CPU
	EndGlobalSection
	GlobalSection(SolutionProperties) = preSolution
		HideSolutionNode = FALSE
	EndGlobalSection
	GlobalSection(NestedProjects) = preSolution
		{DFA0FDFB-36E7-40A1-A9E1-219BB8D81AC8} = {1860EFFF-6ECC-4CC4-B22D-1432D398C7FC}
	EndGlobalSection
	GlobalSection(ExtensibilityGlobals) = postSolution
		SolutionGuid = {6B7E1709-6567-4751-9F18-068AC047958D}
	EndGlobalSection
EndGlobal
